
Microsoft Visual Studio Solution File, Format Version 12.00
# Visual Studio Version 16
VisualStudioVersion = 16.0.30320.27
MinimumVisualStudioVersion = 10.0.40219.1
Project("{FAE04EC0-301F-11D3-BF4B-00C04F79EFBC}") = "WindowsService1", "WindowsService1\WindowsService1.csproj", "{3968B160-EB28-4CA9-ADF7-233C20ED768C}"
EndProject
Global
	GlobalSection(SolutionConfigurationPlatforms) = preSolution
		Debug|Any CPU = Debug|Any CPU
		Release|Any CPU = Release|Any CPU
	EndGlobalSection
	GlobalSection(ProjectConfigurationPlatforms) = postSolution
		{3968B160-EB28-4CA9-ADF7-233C20ED768C}.Debug|Any CPU.ActiveCfg = Debug|Any CPU
		{3968B160-EB28-4CA9-ADF7-233C20ED768C}.Debug|Any CPU.Build.0 = Debug|Any CPU
		{3968B160-EB28-4CA9-ADF7-233C20ED768C}.Release|Any CPU.ActiveCfg = Release|Any CPU
		{3968B160-EB28-4CA9-ADF7-233C20ED768C}.Release|Any CPU.Build.0 = Release|Any CPU
	EndGlobalSection
	GlobalSection(SolutionProperties) = preSolution
		HideSolutionNode = FALSE
	EndGlobalSection
	GlobalSection(ExtensibilityGlobals) = postSolution
		SolutionGuid = {1346AD94-4C1F-4B5B-A64E-A124B17E9DB8}
	EndGlobalSection
EndGlobal
